
Microsoft Visual Studio Solution File, Format Version 12.00
# Visual Studio Version 17
VisualStudioVersion = 17.9.34616.47
MinimumVisualStudioVersion = 10.0.40219.1
Project("{FAE04EC0-301F-11D3-BF4B-00C04F79EFBC}") = "SocialMediaApp", "SocialMediaApp\SocialMediaApp.csproj", "{116351A3-CE73-4A6A-8EE0-DCAE28AEE20F}"
EndProject
Global
	GlobalSection(SolutionConfigurationPlatforms) = preSolution
		Debug|Any CPU = Debug|Any CPU
		Release|Any CPU = Release|Any CPU
	EndGlobalSection
	GlobalSection(ProjectConfigurationPlatforms) = postSolution
		{116351A3-CE73-4A6A-8EE0-DCAE28AEE20F}.Debug|Any CPU.ActiveCfg = Debug|Any CPU
		{116351A3-CE73-4A6A-8EE0-DCAE28AEE20F}.Debug|Any CPU.Build.0 = Debug|Any CPU
		{116351A3-CE73-4A6A-8EE0-DCAE28AEE20F}.Release|Any CPU.ActiveCfg = Release|Any CPU
		{116351A3-CE73-4A6A-8EE0-DCAE28AEE20F}.Release|Any CPU.Build.0 = Release|Any CPU
	EndGlobalSection
	GlobalSection(SolutionProperties) = preSolution
		HideSolutionNode = FALSE
	EndGlobalSection
	GlobalSection(ExtensibilityGlobals) = postSolution
		SolutionGuid = {417E8EA2-B5A3-4CF3-854B-0D88198917E9}
	EndGlobalSection
EndGlobal
